
Microsoft Visual Studio Solution File, Format Version 12.00
# Visual Studio 14
VisualStudioVersion = 14.0.25420.1
MinimumVisualStudioVersion = 10.0.40219.1
Project("{FAE04EC0-301F-11D3-BF4B-00C04F79EFBC}") = "CURD_webapi", "CURD_webapi\CURD_webapi.csproj", "{09698A71-7119-4216-BD7A-86D85C9CFF6A}"
EndProject
Project("{FAE04EC0-301F-11D3-BF4B-00C04F79EFBC}") = "Employees", "Employees\Employees.csproj", "{68B030C7-A6AB-442D-99F6-D43162D8038B}"
EndProject
Global
	GlobalSection(SolutionConfigurationPlatforms) = preSolution
		Debug|Any CPU = Debug|Any CPU
		Release|Any CPU = Release|Any CPU
	EndGlobalSection
	GlobalSection(ProjectConfigurationPlatforms) = postSolution
		{09698A71-7119-4216-BD7A-86D85C9CFF6A}.Debug|Any CPU.ActiveCfg = Debug|Any CPU
		{09698A71-7119-4216-BD7A-86D85C9CFF6A}.Debug|Any CPU.Build.0 = Debug|Any CPU
		{09698A71-7119-4216-BD7A-86D85C9CFF6A}.Release|Any CPU.ActiveCfg = Release|Any CPU
		{09698A71-7119-4216-BD7A-86D85C9CFF6A}.Release|Any CPU.Build.0 = Release|Any CPU
		{68B030C7-A6AB-442D-99F6-D43162D8038B}.Debug|Any CPU.ActiveCfg = Debug|Any CPU
		{68B030C7-A6AB-442D-99F6-D43162D8038B}.Debug|Any CPU.Build.0 = Debug|Any CPU
		{68B030C7-A6AB-442D-99F6-D43162D8038B}.Release|Any CPU.ActiveCfg = Release|Any CPU
		{68B030C7-A6AB-442D-99F6-D43162D8038B}.Release|Any CPU.Build.0 = Release|Any CPU
	EndGlobalSection
	GlobalSection(SolutionProperties) = preSolution
		HideSolutionNode = FALSE
	EndGlobalSection
EndGlobal
